// !$*UTF8*$!
{
	archiveVersion = 1;
	classes = {
	};
	objectVersion = 50;
	objects = {

/* Begin PBXBuildFile section */
		7417DF72224DE53600942CD2 /* AAAVC.m in Sources */ = {isa = PBXBuildFile; fileRef = 7417DF71224DE53600942CD2 /* AAAVC.m */; };
		7417DF75224DE54800942CD2 /* BBBVC.m in Sources */ = {isa = PBXBuildFile; fileRef = 7417DF74224DE54800942CD2 /* BBBVC.m */; };
		7417DF78224DE55400942CD2 /* CCCVC.m in Sources */ = {isa = PBXBuildFile; fileRef = 7417DF77224DE55400942CD2 /* CCCVC.m */; };
		7417DF7B224DE8FA00942CD2 /* NSObject+dealloc.m in Sources */ = {isa = PBXBuildFile; fileRef = 7417DF7A224DE8FA00942CD2 /* NSObject+dealloc.m */; };
		7417DF8B224DF33A00942CD2 /* NSNotificationCenter+Observer.m in Sources */ = {isa = PBXBuildFile; fileRef = 7417DF8A224DF33A00942CD2 /* NSNotificationCenter+Observer.m */; };
		74891F59224CAC1A0026397C /* AppDelegate.m in Sources */ = {isa = PBXBuildFile; fileRef = 74891F58224CAC1A0026397C /* AppDelegate.m */; };
		74891F5C224CAC1A0026397C /* ViewController.m in Sources */ = {isa = PBXBuildFile; fileRef = 74891F5B224CAC1A0026397C /* ViewController.m */; };
		74891F5F224CAC1A0026397C /* Main.storyboard in Resources */ = {isa = PBXBuildFile; fileRef = 74891F5D224CAC1A0026397C /* Main.storyboard */; };
		74891F61224CAC1C0026397C /* Assets.xcassets in Resources */ = {isa = PBXBuildFile; fileRef = 74891F60224CAC1C0026397C /* Assets.xcassets */; };
		74891F64224CAC1C0026397C /* LaunchScreen.storyboard in Resources */ = {isa = PBXBuildFile; fileRef = 74891F62224CAC1C0026397C /* LaunchScreen.storyboard */; };
		74891F67224CAC1C0026397C /* main.m in Sources */ = {isa = PBXBuildFile; fileRef = 74891F66224CAC1C0026397C /* main.m */; };
		74891F71224CAC1C0026397C /* Notification__Tests.m in Sources */ = {isa = PBXBuildFile; fileRef = 74891F70224CAC1C0026397C /* Notification__Tests.m */; };
		74891F7C224CAC1C0026397C /* Notification__UITests.m in Sources */ = {isa = PBXBuildFile; fileRef = 74891F7B224CAC1C0026397C /* Notification__UITests.m */; };
/* End PBXBuildFile section */

/* Begin PBXContainerItemProxy section */
		74891F6D224CAC1C0026397C /* PBXContainerItemProxy */ = {
			isa = PBXContainerItemProxy;
			containerPortal = 74891F4C224CAC1A0026397C /* Project object */;
			proxyType = 1;
			remoteGlobalIDString = 74891F53224CAC1A0026397C;
			remoteInfo = "Notification优化";
		};
		74891F78224CAC1C0026397C /* PBXContainerItemProxy */ = {
			isa = PBXContainerItemProxy;
			containerPortal = 74891F4C224CAC1A0026397C /* Project object */;
			proxyType = 1;
			remoteGlobalIDString = 74891F53224CAC1A0026397C;
			remoteInfo = "Notification优化";
		};
/* End PBXContainerItemProxy section */

/* Begin PBXFileReference section */
		7417DF70224DE53600942CD2 /* AAAVC.h */ = {isa = PBXFileReference; lastKnownFileType = sourcecode.c.h; path = AAAVC.h; sourceTree = "<group>"; };
		7417DF71224DE53600942CD2 /* AAAVC.m */ = {isa = PBXFileReference; lastKnownFileType = sourcecode.c.objc; path = AAAVC.m; sourceTree = "<group>"; };
		7417DF73224DE54800942CD2 /* BBBVC.h */ = {isa = PBXFileReference; lastKnownFileType = sourcecode.c.h; path = BBBVC.h; sourceTree = "<group>"; };
		7417DF74224DE54800942CD2 /* BBBVC.m */ = {isa = PBXFileReference; lastKnownFileType = sourcecode.c.objc; path = BBBVC.m; sourceTree = "<group>"; };
		7417DF76224DE55400942CD2 /* CCCVC.h */ = {isa = PBXFileReference; lastKnownFileType = sourcecode.c.h; path = CCCVC.h; sourceTree = "<group>"; };
		7417DF77224DE55400942CD2 /* CCCVC.m */ = {isa = PBXFileReference; lastKnownFileType = sourcecode.c.objc; path = CCCVC.m; sourceTree = "<group>"; };
		7417DF79224DE8FA00942CD2 /* NSObject+dealloc.h */ = {isa = PBXFileReference; lastKnownFileType = sourcecode.c.h; path = "NSObject+dealloc.h"; sourceTree = "<group>"; };
		7417DF7A224DE8FA00942CD2 /* NSObject+dealloc.m */ = {isa = PBXFileReference; lastKnownFileType = sourcecode.c.objc; path = "NSObject+dealloc.m"; sourceTree = "<group>"; };
		7417DF89224DF33A00942CD2 /* NSNotificationCenter+Observer.h */ = {isa = PBXFileReference; lastKnownFileType = sourcecode.c.h; path = "NSNotificationCenter+Observer.h"; sourceTree = "<group>"; };
		7417DF8A224DF33A00942CD2 /* NSNotificationCenter+Observer.m */ = {isa = PBXFileReference; lastKnownFileType = sourcecode.c.objc; path = "NSNotificationCenter+Observer.m"; sourceTree = "<group>"; };
		74891F54224CAC1A0026397C /* Notification优化.app */ = {isa = PBXFileReference; explicitFileType = wrapper.application; includeInIndex = 0; path = "Notification优化.app"; sourceTree = BUILT_PRODUCTS_DIR; };
		74891F57224CAC1A0026397C /* AppDelegate.h */ = {isa = PBXFileReference; lastKnownFileType = sourcecode.c.h; path = AppDelegate.h; sourceTree = "<group>"; };
		74891F58224CAC1A0026397C /* AppDelegate.m */ = {isa = PBXFileReference; lastKnownFileType = sourcecode.c.objc; path = AppDelegate.m; sourceTree = "<group>"; };
		74891F5A224CAC1A0026397C /* ViewController.h */ = {isa = PBXFileReference; lastKnownFileType = sourcecode.c.h; path = ViewController.h; sourceTree = "<group>"; };
		74891F5B224CAC1A0026397C /* ViewController.m */ = {isa = PBXFileReference; lastKnownFileType = sourcecode.c.objc; path = ViewController.m; sourceTree = "<group>"; };
		74891F5E224CAC1A0026397C /* Base */ = {isa = PBXFileReference; lastKnownFileType = file.storyboard; name = Base; path = Base.lproj/Main.storyboard; sourceTree = "<group>"; };
		74891F60224CAC1C0026397C /* Assets.xcassets */ = {isa = PBXFileReference; lastKnownFileType = folder.assetcatalog; path = Assets.xcassets; sourceTree = "<group>"; };
		74891F63224CAC1C0026397C /* Base */ = {isa = PBXFileReference; lastKnownFileType = file.storyboard; name = Base; path = Base.lproj/LaunchScreen.storyboard; sourceTree = "<group>"; };
		74891F65224CAC1C0026397C /* Info.plist */ = {isa = PBXFileReference; lastKnownFileType = text.plist.xml; path = Info.plist; sourceTree = "<group>"; };
		74891F66224CAC1C0026397C /* main.m */ = {isa = PBXFileReference; lastKnownFileType = sourcecode.c.objc; path = main.m; sourceTree = "<group>"; };
		74891F6C224CAC1C0026397C /* Notification优化Tests.xctest */ = {isa = PBXFileReference; explicitFileType = wrapper.cfbundle; includeInIndex = 0; path = "Notification优化Tests.xctest"; sourceTree = BUILT_PRODUCTS_DIR; };
		74891F70224CAC1C0026397C /* Notification__Tests.m */ = {isa = PBXFileReference; lastKnownFileType = sourcecode.c.objc; path = Notification__Tests.m; sourceTree = "<group>"; };
		74891F72224CAC1C0026397C /* Info.plist */ = {isa = PBXFileReference; lastKnownFileType = text.plist.xml; path = Info.plist; sourceTree = "<group>"; };
		74891F77224CAC1C0026397C /* Notification优化UITests.xctest */ = {isa = PBXFileReference; explicitFileType = wrapper.cfbundle; includeInIndex = 0; path = "Notification优化UITests.xctest"; sourceTree = BUILT_PRODUCTS_DIR; };
		74891F7B224CAC1C0026397C /* Notification__UITests.m */ = {isa = PBXFileReference; lastKnownFileType = sourcecode.c.objc; path = Notification__UITests.m; sourceTree = "<group>"; };
		74891F7D224CAC1C0026397C /* Info.plist */ = {isa = PBXFileReference; lastKnownFileType = text.plist.xml; path = Info.plist; sourceTree = "<group>"; };
/* End PBXFileReference section */

/* Begin PBXFrameworksBuildPhase section */
		74891F51224CAC1A0026397C /* Frameworks */ = {
			isa = PBXFrameworksBuildPhase;
			buildActionMask = 2147483647;
			files = (
			);
			runOnlyForDeploymentPostprocessing = 0;
		};
		74891F69224CAC1C0026397C /* Frameworks */ = {
			isa = PBXFrameworksBuildPhase;
			buildActionMask = 2147483647;
			files = (
			);
			runOnlyForDeploymentPostprocessing = 0;
		};
		74891F74224CAC1C0026397C /* Frameworks */ = {
			isa = PBXFrameworksBuildPhase;
			buildActionMask = 2147483647;
			files = (
			);
			runOnlyForDeploymentPostprocessing = 0;
		};
/* End PBXFrameworksBuildPhase section */

/* Begin PBXGroup section */
		74891F4B224CAC1A0026397C = {
			isa = PBXGroup;
			children = (
				74891F56224CAC1A0026397C /* Notification优化 */,
				74891F6F224CAC1C0026397C /* Notification优化Tests */,
				74891F7A224CAC1C0026397C /* Notification优化UITests */,
				74891F55224CAC1A0026397C /* Products */,
			);
			sourceTree = "<group>";
		};
		74891F55224CAC1A0026397C /* Products */ = {
			isa = PBXGroup;
			children = (
				74891F54224CAC1A0026397C /* Notification优化.app */,
				74891F6C224CAC1C0026397C /* Notification优化Tests.xctest */,
				74891F77224CAC1C0026397C /* Notification优化UITests.xctest */,
			);
			name = Products;
			sourceTree = "<group>";
		};
		74891F56224CAC1A0026397C /* Notification优化 */ = {
			isa = PBXGroup;
			children = (
				74891F57224CAC1A0026397C /* AppDelegate.h */,
				74891F58224CAC1A0026397C /* AppDelegate.m */,
				74891F5A224CAC1A0026397C /* ViewController.h */,
				74891F5B224CAC1A0026397C /* ViewController.m */,
				7417DF70224DE53600942CD2 /* AAAVC.h */,
				7417DF71224DE53600942CD2 /* AAAVC.m */,
				7417DF73224DE54800942CD2 /* BBBVC.h */,
				7417DF74224DE54800942CD2 /* BBBVC.m */,
				7417DF76224DE55400942CD2 /* CCCVC.h */,
				7417DF77224DE55400942CD2 /* CCCVC.m */,
				7417DF79224DE8FA00942CD2 /* NSObject+dealloc.h */,
				7417DF7A224DE8FA00942CD2 /* NSObject+dealloc.m */,
				7417DF89224DF33A00942CD2 /* NSNotificationCenter+Observer.h */,
				7417DF8A224DF33A00942CD2 /* NSNotificationCenter+Observer.m */,
				74891F5D224CAC1A0026397C /* Main.storyboard */,
				74891F60224CAC1C0026397C /* Assets.xcassets */,
				74891F62224CAC1C0026397C /* LaunchScreen.storyboard */,
				74891F65224CAC1C0026397C /* Info.plist */,
				74891F66224CAC1C0026397C /* main.m */,
			);
			path = "Notification优化";
			sourceTree = "<group>";
		};
		74891F6F224CAC1C0026397C /* Notification优化Tests */ = {
			isa = PBXGroup;
			children = (
				74891F70224CAC1C0026397C /* Notification__Tests.m */,
				74891F72224CAC1C0026397C /* Info.plist */,
			);
			path = "Notification优化Tests";
			sourceTree = "<group>";
		};
		74891F7A224CAC1C0026397C /* Notification优化UITests */ = {
			isa = PBXGroup;
			children = (
				74891F7B224CAC1C0026397C /* Notification__UITests.m */,
				74891F7D224CAC1C0026397C /* Info.plist */,
			);
			path = "Notification优化UITests";
			sourceTree = "<group>";
		};
/* End PBXGroup section */

/* Begin PBXNativeTarget section */
		74891F53224CAC1A0026397C /* Notification优化 */ = {
			isa = PBXNativeTarget;
			buildConfigurationList = 74891F80224CAC1C0026397C /* Build configuration list for PBXNativeTarget "Notification优化" */;
			buildPhases = (
				74891F50224CAC1A0026397C /* Sources */,
				74891F51224CAC1A0026397C /* Frameworks */,
				74891F52224CAC1A0026397C /* Resources */,
			);
			buildRules = (
			);
			dependencies = (
			);
			name = "Notification优化";
			productName = "Notification优化";
			productReference = 74891F54224CAC1A0026397C /* Notification优化.app */;
			productType = "com.apple.product-type.application";
		};
		74891F6B224CAC1C0026397C /* Notification优化Tests */ = {
			isa = PBXNativeTarget;
			buildConfigurationList = 74891F83224CAC1C0026397C /* Build configuration list for PBXNativeTarget "Notification优化Tests" */;
			buildPhases = (
				74891F68224CAC1C0026397C /* Sources */,
				74891F69224CAC1C0026397C /* Frameworks */,
				74891F6A224CAC1C0026397C /* Resources */,
			);
			buildRules = (
			);
			dependencies = (
				74891F6E224CAC1C0026397C /* PBXTargetDependency */,
			);
			name = "Notification优化Tests";
			productName = "Notification优化Tests";
			productReference = 74891F6C224CAC1C0026397C /* Notification优化Tests.xctest */;
			productType = "com.apple.product-type.bundle.unit-test";
		};
		74891F76224CAC1C0026397C /* Notification优化UITests */ = {
			isa = PBXNativeTarget;
			buildConfigurationList = 74891F86224CAC1C0026397C /* Build configuration list for PBXNativeTarget "Notification优化UITests" */;
			buildPhases = (
				74891F73224CAC1C0026397C /* Sources */,
				74891F74224CAC1C0026397C /* Frameworks */,
				74891F75224CAC1C0026397C /* Resources */,
			);
			buildRules = (
			);
			dependencies = (
				74891F79224CAC1C0026397C /* PBXTargetDependency */,
			);
			name = "Notification优化UITests";
			productName = "Notification优化UITests";
			productReference = 74891F77224CAC1C0026397C /* Notification优化UITests.xctest */;
			productType = "com.apple.product-type.bundle.ui-testing";
		};
/* End PBXNativeTarget section */

/* Begin PBXProject section */
		74891F4C224CAC1A0026397C /* Project object */ = {
			isa = PBXProject;
			attributes = {
				LastUpgradeCheck = 1010;
				ORGANIZATIONNAME = liangweidong;
				TargetAttributes = {
					74891F53224CAC1A0026397C = {
						CreatedOnToolsVersion = 10.1;
						LastSwiftMigration = 1010;
					};
					74891F6B224CAC1C0026397C = {
						CreatedOnToolsVersion = 10.1;
						TestTargetID = 74891F53224CAC1A0026397C;
					};
					74891F76224CAC1C0026397C = {
						CreatedOnToolsVersion = 10.1;
						TestTargetID = 74891F53224CAC1A0026397C;
					};
				};
			};
			buildConfigurationList = 74891F4F224CAC1A0026397C /* Build configuration list for PBXProject "Notification优化" */;
			compatibilityVersion = "Xcode 9.3";
			developmentRegion = en;
			hasScannedForEncodings = 0;
			knownRegions = (
				en,
				Base,
			);
			mainGroup = 74891F4B224CAC1A0026397C;
			productRefGroup = 74891F55224CAC1A0026397C /* Products */;
			projectDirPath = "";
			projectRoot = "";
			targets = (
				74891F53224CAC1A0026397C /* Notification优化 */,
				74891F6B224CAC1C0026397C /* Notification优化Tests */,
				74891F76224CAC1C0026397C /* Notification优化UITests */,
			);
		};
/* End PBXProject section */

/* Begin PBXResourcesBuildPhase section */
		74891F52224CAC1A0026397C /* Resources */ = {
			isa = PBXResourcesBuildPhase;
			buildActionMask = 2147483647;
			files = (
				74891F64224CAC1C0026397C /* LaunchScreen.storyboard in Resources */,
				74891F61224CAC1C0026397C /* Assets.xcassets in Resources */,
				74891F5F224CAC1A0026397C /* Main.storyboard in Resources */,
			);
			runOnlyForDeploymentPostprocessing = 0;
		};
		74891F6A224CAC1C0026397C /* Resources */ = {
			isa = PBXResourcesBuildPhase;
			buildActionMask = 2147483647;
			files = (
			);
			runOnlyForDeploymentPostprocessing = 0;
		};
		74891F75224CAC1C0026397C /* Resources */ = {
			isa = PBXResourcesBuildPhase;
			buildActionMask = 2147483647;
			files = (
			);
			runOnlyForDeploymentPostprocessing = 0;
		};
/* End PBXResourcesBuildPhase section */

/* Begin PBXSourcesBuildPhase section */
		74891F50224CAC1A0026397C /* Sources */ = {
			isa = PBXSourcesBuildPhase;
			buildActionMask = 2147483647;
			files = (
				7417DF8B224DF33A00942CD2 /* NSNotificationCenter+Observer.m in Sources */,
				74891F5C224CAC1A0026397C /* ViewController.m in Sources */,
				74891F67224CAC1C0026397C /* main.m in Sources */,
				7417DF78224DE55400942CD2 /* CCCVC.m in Sources */,
				7417DF7B224DE8FA00942CD2 /* NSObject+dealloc.m in Sources */,
				74891F59224CAC1A0026397C /* AppDelegate.m in Sources */,
				7417DF75224DE54800942CD2 /* BBBVC.m in Sources */,
				7417DF72224DE53600942CD2 /* AAAVC.m in Sources */,
			);
			runOnlyForDeploymentPostprocessing = 0;
		};
		74891F68224CAC1C0026397C /* Sources */ = {
			isa = PBXSourcesBuildPhase;
			buildActionMask = 2147483647;
			files = (
				74891F71224CAC1C0026397C /* Notification__Tests.m in Sources */,
			);
			runOnlyForDeploymentPostprocessing = 0;
		};
		74891F73224CAC1C0026397C /* Sources */ = {
			isa = PBXSourcesBuildPhase;
			buildActionMask = 2147483647;
			files = (
				74891F7C224CAC1C0026397C /* Notification__UITests.m in Sources */,
			);
			runOnlyForDeploymentPostprocessing = 0;
		};
/* End PBXSourcesBuildPhase section */

/* Begin PBXTargetDependency section */
		74891F6E224CAC1C0026397C /* PBXTargetDependency */ = {
			isa = PBXTargetDependency;
			target = 74891F53224CAC1A0026397C /* Notification优化 */;
			targetProxy = 74891F6D224CAC1C0026397C /* PBXContainerItemProxy */;
		};
		74891F79224CAC1C0026397C /* PBXTargetDependency */ = {
			isa = PBXTargetDependency;
			target = 74891F53224CAC1A0026397C /* Notification优化 */;
			targetProxy = 74891F78224CAC1C0026397C /* PBXContainerItemProxy */;
		};
/* End PBXTargetDependency section */

/* Begin PBXVariantGroup section */
		74891F5D224CAC1A0026397C /* Main.storyboard */ = {
			isa = PBXVariantGroup;
			children = (
				74891F5E224CAC1A0026397C /* Base */,
			);
			name = Main.storyboard;
			sourceTree = "<group>";
		};
		74891F62224CAC1C0026397C /* LaunchScreen.storyboard */ = {
			isa = PBXVariantGroup;
			children = (
				74891F63224CAC1C0026397C /* Base */,
			);
			name = LaunchScreen.storyboard;
			sourceTree = "<group>";
		};
/* End PBXVariantGroup section */

/* Begin XCBuildConfiguration section */
		74891F7E224CAC1C0026397C /* Debug */ = {
			isa = XCBuildConfiguration;
			buildSettings = {
				ALWAYS_SEARCH_USER_PATHS = NO;
				CLANG_ANALYZER_NONNULL = YES;
				CLANG_ANALYZER_NUMBER_OBJECT_CONVERSION = YES_AGGRESSIVE;
				CLANG_CXX_LANGUAGE_STANDARD = "gnu++14";
				CLANG_CXX_LIBRARY = "libc++";
				CLANG_ENABLE_MODULES = YES;
				CLANG_ENABLE_OBJC_ARC = YES;
				CLANG_ENABLE_OBJC_WEAK = YES;
				CLANG_WARN_BLOCK_CAPTURE_AUTORELEASING = YES;
				CLANG_WARN_BOOL_CONVERSION = YES;
				CLANG_WARN_COMMA = YES;
				CLANG_WARN_CONSTANT_CONVERSION = YES;
				CLANG_WARN_DEPRECATED_OBJC_IMPLEMENTATIONS = YES;
				CLANG_WARN_DIRECT_OBJC_ISA_USAGE = YES_ERROR;
				CLANG_WARN_DOCUMENTATION_COMMENTS = YES;
				CLANG_WARN_EMPTY_BODY = YES;
				CLANG_WARN_ENUM_CONVERSION = YES;
				CLANG_WARN_INFINITE_RECURSION = YES;
				CLANG_WARN_INT_CONVERSION = YES;
				CLANG_WARN_NON_LITERAL_NULL_CONVERSION = YES;
				CLANG_WARN_OBJC_IMPLICIT_RETAIN_SELF = YES;
				CLANG_WARN_OBJC_LITERAL_CONVERSION = YES;
				CLANG_WARN_OBJC_ROOT_CLASS = YES_ERROR;
				CLANG_WARN_RANGE_LOOP_ANALYSIS = YES;
				CLANG_WARN_STRICT_PROTOTYPES = YES;
				CLANG_WARN_SUSPICIOUS_MOVE = YES;
				CLANG_WARN_UNGUARDED_AVAILABILITY = YES_AGGRESSIVE;
				CLANG_WARN_UNREACHABLE_CODE = YES;
				CLANG_WARN__DUPLICATE_METHOD_MATCH = YES;
				CODE_SIGN_IDENTITY = "iPhone Developer";
				COPY_PHASE_STRIP = NO;
				DEBUG_INFORMATION_FORMAT = dwarf;
				ENABLE_STRICT_OBJC_MSGSEND = YES;
				ENABLE_TESTABILITY = YES;
				GCC_C_LANGUAGE_STANDARD = gnu11;
				GCC_DYNAMIC_NO_PIC = NO;
				GCC_NO_COMMON_BLOCKS = YES;
				GCC_OPTIMIZATION_LEVEL = 0;
				GCC_PREPROCESSOR_DEFINITIONS = (
					"DEBUG=1",
					"$(inherited)",
				);
				GCC_WARN_64_TO_32_BIT_CONVERSION = YES;
				GCC_WARN_ABOUT_RETURN_TYPE = YES_ERROR;
				GCC_WARN_UNDECLARED_SELECTOR = YES;
				GCC_WARN_UNINITIALIZED_AUTOS = YES_AGGRESSIVE;
				GCC_WARN_UNUSED_FUNCTION = YES;
				GCC_WARN_UNUSED_VARIABLE = YES;
				IPHONEOS_DEPLOYMENT_TARGET = 12.1;
				MTL_ENABLE_DEBUG_INFO = INCLUDE_SOURCE;
				MTL_FAST_MATH = YES;
				ONLY_ACTIVE_ARCH = YES;
				SDKROOT = iphoneos;
			};
			name = Debug;
		};
		74891F7F224CAC1C0026397C /* Release */ = {
			isa = XCBuildConfiguration;
			buildSettings = {
				ALWAYS_SEARCH_USER_PATHS = NO;
				CLANG_ANALYZER_NONNULL = YES;
				CLANG_ANALYZER_NUMBER_OBJECT_CONVERSION = YES_AGGRESSIVE;
				CLANG_CXX_LANGUAGE_STANDARD = "gnu++14";
				CLANG_CXX_LIBRARY = "libc++";
				CLANG_ENABLE_MODULES = YES;
				CLANG_ENABLE_OBJC_ARC = YES;
				CLANG_ENABLE_OBJC_WEAK = YES;
				CLANG_WARN_BLOCK_CAPTURE_AUTORELEASING = YES;
				CLANG_WARN_BOOL_CONVERSION = YES;
				CLANG_WARN_COMMA = YES;
				CLANG_WARN_CONSTANT_CONVERSION = YES;
				CLANG_WARN_DEPRECATED_OBJC_IMPLEMENTATIONS = YES;
				CLANG_WARN_DIRECT_OBJC_ISA_USAGE = YES_ERROR;
				CLANG_WARN_DOCUMENTATION_COMMENTS = YES;
				CLANG_WARN_EMPTY_BODY = YES;
				CLANG_WARN_ENUM_CONVERSION = YES;
				CLANG_WARN_INFINITE_RECURSION = YES;
				CLANG_WARN_INT_CONVERSION = YES;
				CLANG_WARN_NON_LITERAL_NULL_CONVERSION = YES;
				CLANG_WARN_OBJC_IMPLICIT_RETAIN_SELF = YES;
				CLANG_WARN_OBJC_LITERAL_CONVERSION = YES;
				CLANG_WARN_OBJC_ROOT_CLASS = YES_ERROR;
				CLANG_WARN_RANGE_LOOP_ANALYSIS = YES;
				CLANG_WARN_STRICT_PROTOTYPES = YES;
				CLANG_WARN_SUSPICIOUS_MOVE = YES;
				CLANG_WARN_UNGUARDED_AVAILABILITY = YES_AGGRESSIVE;
				CLANG_WARN_UNREACHABLE_CODE = YES;
				CLANG_WARN__DUPLICATE_METHOD_MATCH = YES;
				CODE_SIGN_IDENTITY = "iPhone Developer";
				COPY_PHASE_STRIP = NO;
				DEBUG_INFORMATION_FORMAT = "dwarf-with-dsym";
				ENABLE_NS_ASSERTIONS = NO;
				ENABLE_STRICT_OBJC_MSGSEND = YES;
				GCC_C_LANGUAGE_STANDARD = gnu11;
				GCC_NO_COMMON_BLOCKS = YES;
				GCC_WARN_64_TO_32_BIT_CONVERSION = YES;
				GCC_WARN_ABOUT_RETURN_TYPE = YES_ERROR;
				GCC_WARN_UNDECLARED_SELECTOR = YES;
				GCC_WARN_UNINITIALIZED_AUTOS = YES_AGGRESSIVE;
				GCC_WARN_UNUSED_FUNCTION = YES;
				GCC_WARN_UNUSED_VARIABLE = YES;
				IPHONEOS_DEPLOYMENT_TARGET = 12.1;
				MTL_ENABLE_DEBUG_INFO = NO;
				MTL_FAST_MATH = YES;
				SDKROOT = iphoneos;
				VALIDATE_PRODUCT = YES;
			};
			name = Release;
		};
		74891F81224CAC1C0026397C /* Debug */ = {
			isa = XCBuildConfiguration;
			buildSettings = {
				ASSETCATALOG_COMPILER_APPICON_NAME = AppIcon;
				CLANG_ENABLE_MODULES = YES;
				CODE_SIGN_STYLE = Automatic;
				INFOPLIST_FILE = "Notification优化/Info.plist";
				LD_RUNPATH_SEARCH_PATHS = (
					"$(inherited)",
					"@executable_path/Frameworks",
				);
				PRODUCT_BUNDLE_IDENTIFIER = "com.lwd.fps.Notification--";
				PRODUCT_NAME = "$(TARGET_NAME)";
				SWIFT_OPTIMIZATION_LEVEL = "-Onone";
				SWIFT_VERSION = 4.2;
				TARGETED_DEVICE_FAMILY = "1,2";
			};
			name = Debug;
		};
		74891F82224CAC1C0026397C /* Release */ = {
			isa = XCBuildConfiguration;
			buildSettings = {
				ASSETCATALOG_COMPILER_APPICON_NAME = AppIcon;
				CLANG_ENABLE_MODULES = YES;
				CODE_SIGN_STYLE = Automatic;
				INFOPLIST_FILE = "Notification优化/Info.plist";
				LD_RUNPATH_SEARCH_PATHS = (
					"$(inherited)",
					"@executable_path/Frameworks",
				);
				PRODUCT_BUNDLE_IDENTIFIER = "com.lwd.fps.Notification--";
				PRODUCT_NAME = "$(TARGET_NAME)";
				SWIFT_VERSION = 4.2;
				TARGETED_DEVICE_FAMILY = "1,2";
			};
			name = Release;
		};
		74891F84224CAC1C0026397C /* Debug */ = {
			isa = XCBuildConfiguration;
			buildSettings = {
				BUNDLE_LOADER = "$(TEST_HOST)";
				CODE_SIGN_STYLE = Automatic;
				INFOPLIST_FILE = "Notification优化Tests/Info.plist";
				LD_RUNPATH_SEARCH_PATHS = (
					"$(inherited)",
					"@executable_path/Frameworks",
					"@loader_path/Frameworks",
				);
				PRODUCT_BUNDLE_IDENTIFIER = "com.lwd.fps.Notification--Tests";
				PRODUCT_NAME = "$(TARGET_NAME)";
				TARGETED_DEVICE_FAMILY = "1,2";
				TEST_HOST = "$(BUILT_PRODUCTS_DIR)/Notification优化.app/Notification优化";
			};
			name = Debug;
		};
		74891F85224CAC1C0026397C /* Release */ = {
			isa = XCBuildConfiguration;
			buildSettings = {
				BUNDLE_LOADER = "$(TEST_HOST)";
				CODE_SIGN_STYLE = Automatic;
				INFOPLIST_FILE = "Notification优化Tests/Info.plist";
				LD_RUNPATH_SEARCH_PATHS = (
					"$(inherited)",
					"@executable_path/Frameworks",
					"@loader_path/Frameworks",
				);
				PRODUCT_BUNDLE_IDENTIFIER = "com.lwd.fps.Notification--Tests";
				PRODUCT_NAME = "$(TARGET_NAME)";
				TARGETED_DEVICE_FAMILY = "1,2";
				TEST_HOST = "$(BUILT_PRODUCTS_DIR)/Notification优化.app/Notification优化";
			};
			name = Release;
		};
		74891F87224CAC1C0026397C /* Debug */ = {
			isa = XCBuildConfiguration;
			buildSettings = {
				CODE_SIGN_STYLE = Automatic;
				INFOPLIST_FILE = "Notification优化UITests/Info.plist";
				LD_RUNPATH_SEARCH_PATHS = (
					"$(inherited)",
					"@executable_path/Frameworks",
					"@loader_path/Frameworks",
				);
				PRODUCT_BUNDLE_IDENTIFIER = "com.lwd.fps.Notification--UITests";
				PRODUCT_NAME = "$(TARGET_NAME)";
				TARGETED_DEVICE_FAMILY = "1,2";
				TEST_TARGET_NAME = "Notification优化";
			};
			name = Debug;
		};
		74891F88224CAC1C0026397C /* Release */ = {
			isa = XCBuildConfiguration;
			buildSettings = {
				CODE_SIGN_STYLE = Automatic;
				INFOPLIST_FILE = "Notification优化UITests/Info.plist";
				LD_RUNPATH_SEARCH_PATHS = (
					"$(inherited)",
					"@executable_path/Frameworks",
					"@loader_path/Frameworks",
				);
				PRODUCT_BUNDLE_IDENTIFIER = "com.lwd.fps.Notification--UITests";
				PRODUCT_NAME = "$(TARGET_NAME)";
				TARGETED_DEVICE_FAMILY = "1,2";
				TEST_TARGET_NAME = "Notification优化";
			};
			name = Release;
		};
/* End XCBuildConfiguration section */

/* Begin XCConfigurationList section */
		74891F4F224CAC1A0026397C /* Build configuration list for PBXProject "Notification优化" */ = {
			isa = XCConfigurationList;
			buildConfigurations = (
				74891F7E224CAC1C0026397C /* Debug */,
				74891F7F224CAC1C0026397C /* Release */,
			);
			defaultConfigurationIsVisible = 0;
			defaultConfigurationName = Release;
		};
		74891F80224CAC1C0026397C /* Build configuration list for PBXNativeTarget "Notification优化" */ = {
			isa = XCConfigurationList;
			buildConfigurations = (
				74891F81224CAC1C0026397C /* Debug */,
				74891F82224CAC1C0026397C /* Release */,
			);
			defaultConfigurationIsVisible = 0;
			defaultConfigurationName = Release;
		};
		74891F83224CAC1C0026397C /* Build configuration list for PBXNativeTarget "Notification优化Tests" */ = {
			isa = XCConfigurationList;
			buildConfigurations = (
				74891F84224CAC1C0026397C /* Debug */,
				74891F85224CAC1C0026397C /* Release */,
			);
			defaultConfigurationIsVisible = 0;
			defaultConfigurationName = Release;
		};
		74891F86224CAC1C0026397C /* Build configuration list for PBXNativeTarget "Notification优化UITests" */ = {
			isa = XCConfigurationList;
			buildConfigurations = (
				74891F87224CAC1C0026397C /* Debug */,
				74891F88224CAC1C0026397C /* Release */,
			);
			defaultConfigurationIsVisible = 0;
			defaultConfigurationName = Release;
		};
/* End XCConfigurationList section */
	};
	rootObject = 74891F4C224CAC1A0026397C /* Project object */;
}
